
Microsoft Visual Studio Solution File, Format Version 12.00
# Visual Studio Version 17
VisualStudioVersion = 17.7.34031.279
MinimumVisualStudioVersion = 10.0.40219.1
Project("{FAE04EC0-301F-11D3-BF4B-00C04F79EFBC}") = "MauiTask4", "MauiTask4\MauiTask4.csproj", "{F7C1B10A-4156-44A6-B157-7172FA0CD9F3}"
EndProject
Global
	GlobalSection(SolutionConfigurationPlatforms) = preSolution
		Debug|Any CPU = Debug|Any CPU
		Release|Any CPU = Release|Any CPU
	EndGlobalSection
	GlobalSection(ProjectConfigurationPlatforms) = postSolution
		{F7C1B10A-4156-44A6-B157-7172FA0CD9F3}.Debug|Any CPU.ActiveCfg = Debug|Any CPU
		{F7C1B10A-4156-44A6-B157-7172FA0CD9F3}.Debug|Any CPU.Build.0 = Debug|Any CPU
		{F7C1B10A-4156-44A6-B157-7172FA0CD9F3}.Debug|Any CPU.Deploy.0 = Debug|Any CPU
		{F7C1B10A-4156-44A6-B157-7172FA0CD9F3}.Release|Any CPU.ActiveCfg = Release|Any CPU
		{F7C1B10A-4156-44A6-B157-7172FA0CD9F3}.Release|Any CPU.Build.0 = Release|Any CPU
		{F7C1B10A-4156-44A6-B157-7172FA0CD9F3}.Release|Any CPU.Deploy.0 = Release|Any CPU
	EndGlobalSection
	GlobalSection(SolutionProperties) = preSolution
		HideSolutionNode = FALSE
	EndGlobalSection
	GlobalSection(ExtensibilityGlobals) = postSolution
		SolutionGuid = {FA5C667C-5758-4F0E-9A9E-2E462E3B23BA}
	EndGlobalSection
EndGlobal
